
Microsoft Visual Studio Solution File, Format Version 12.00
# Visual Studio Version 17
VisualStudioVersion = 17.12.35527.113 d17.12
MinimumVisualStudioVersion = 10.0.40219.1
Project("{FAE04EC0-301F-11D3-BF4B-00C04F79EFBC}") = "BamboCard.API", "BamboCard.API\BamboCard.API.csproj", "{1B8217AE-C0B2-4C7C-AB5E-6C99944AED2B}"
EndProject
Project("{FAE04EC0-301F-11D3-BF4B-00C04F79EFBC}") = "BamboCard.EF", "BamboCard.EF\BamboCard.EF.csproj", "{816BF3ED-83C5-4527-AA93-707D58F4E126}"
EndProject
Project("{FAE04EC0-301F-11D3-BF4B-00C04F79EFBC}") = "BamboCard.Application", "BamboCard.Application\BamboCard.Application.csproj", "{399D1DFB-FFED-454D-BD3A-669438CB7C13}"
EndProject
Project("{FAE04EC0-301F-11D3-BF4B-00C04F79EFBC}") = "BamboCard.Application.Contract", "BamboCard.Application.Contract\BamboCard.Application.Contract.csproj", "{B8CF9E43-3513-463F-9B60-FE3E652B558C}"
EndProject
Global
	GlobalSection(SolutionConfigurationPlatforms) = preSolution
		Debug|Any CPU = Debug|Any CPU
		Release|Any CPU = Release|Any CPU
	EndGlobalSection
	GlobalSection(ProjectConfigurationPlatforms) = postSolution
		{1B8217AE-C0B2-4C7C-AB5E-6C99944AED2B}.Debug|Any CPU.ActiveCfg = Debug|Any CPU
		{1B8217AE-C0B2-4C7C-AB5E-6C99944AED2B}.Debug|Any CPU.Build.0 = Debug|Any CPU
		{1B8217AE-C0B2-4C7C-AB5E-6C99944AED2B}.Release|Any CPU.ActiveCfg = Release|Any CPU
		{1B8217AE-C0B2-4C7C-AB5E-6C99944AED2B}.Release|Any CPU.Build.0 = Release|Any CPU
		{816BF3ED-83C5-4527-AA93-707D58F4E126}.Debug|Any CPU.ActiveCfg = Debug|Any CPU
		{816BF3ED-83C5-4527-AA93-707D58F4E126}.Debug|Any CPU.Build.0 = Debug|Any CPU
		{816BF3ED-83C5-4527-AA93-707D58F4E126}.Release|Any CPU.ActiveCfg = Release|Any CPU
		{816BF3ED-83C5-4527-AA93-707D58F4E126}.Release|Any CPU.Build.0 = Release|Any CPU
		{399D1DFB-FFED-454D-BD3A-669438CB7C13}.Debug|Any CPU.ActiveCfg = Debug|Any CPU
		{399D1DFB-FFED-454D-BD3A-669438CB7C13}.Debug|Any CPU.Build.0 = Debug|Any CPU
		{399D1DFB-FFED-454D-BD3A-669438CB7C13}.Release|Any CPU.ActiveCfg = Release|Any CPU
		{399D1DFB-FFED-454D-BD3A-669438CB7C13}.Release|Any CPU.Build.0 = Release|Any CPU
		{B8CF9E43-3513-463F-9B60-FE3E652B558C}.Debug|Any CPU.ActiveCfg = Debug|Any CPU
		{B8CF9E43-3513-463F-9B60-FE3E652B558C}.Debug|Any CPU.Build.0 = Debug|Any CPU
		{B8CF9E43-3513-463F-9B60-FE3E652B558C}.Release|Any CPU.ActiveCfg = Release|Any CPU
		{B8CF9E43-3513-463F-9B60-FE3E652B558C}.Release|Any CPU.Build.0 = Release|Any CPU
	EndGlobalSection
	GlobalSection(SolutionProperties) = preSolution
		HideSolutionNode = FALSE
	EndGlobalSection
EndGlobal
